github.com/google/btree v1.0.1 h1:gK4Kx5IaGY9CD5sPJ36FHiBJ6ZXl0kilRiiCj+jdYp4=
github.com/google/btree v1.0.1/go.mod h1:xXMiIv4Fb/0kKde4SpL7qlzvu5cMJDRkFDxJfI9uaxA=
github.com/tidwall/btree v1.1.1-0.20211224172409-40e5f803476c h1:jSRtuFkVrUK4P3VUVYD4WssGige8x3iYKyDBW+FuIsA=
github.com/tidwall/btree v1.1.1-0.20211224172409-40e5f803476c/go.mod h1:LGm8L/DZjPLmeWGjv5kFrY8dL4uVhMmzmmLYmsObdKE=
github.com/tidwall/btree v1.1.1-0.20220220154919-6900c1fdf3a2 h1:csKTHMjB/LaFfJzuDyZEUFT52wNkHXFPhx2Z2ubBlac=
github.com/tidwall/btree v1.1.1-0.20220220154919-6900c1fdf3a2/go.mod h1:BnwiVJ0kIAfdxiqM7cFO4jFrUQnURUpoBI6WwcjOkl4=
github.com/tidwall/lotsa v1.0.2 h1:dNVBH5MErdaQ/xd9s769R31/n2dXavsQ0Yf4TMEHHw8=
github.com/tidwall/lotsa v1.0.2/go.mod h1:X6NiU+4yHA3fE3Puvpnn1XMDrFZrE9JO2/w+UMuqgR8=
golang.org/x/exp v0.0.0-20220218215828-6cf2b201936e h1:iWVPgObh6F4UDtjBLK51zsy5UHTPLQwCmsNjCsbKhQ0=
golang.org/x/exp v0.0.0-20220218215828-6cf2b201936e/go.mod h1:lgLbSvA5ygNOMpwM/9anMpWVlVJ7Z+cHWq/eFuinpGE=
